
Microsoft Visual Studio Solution File, Format Version 12.00
# Visual Studio Version 17
VisualStudioVersion = 17.0.31919.166
MinimumVisualStudioVersion = 10.0.40219.1
Project("{9A19103F-16F7-4668-BE54-9A1E7A4F7556}") = "AP_Theme_5.Domain", "AP_Theme_5.Domain\AP_Theme_5.Domain.csproj", "{5C3F24BF-F863-46FF-ACB0-911A57D65288}"
EndProject
Project("{9A19103F-16F7-4668-BE54-9A1E7A4F7556}") = "AP_Theme_5.DataAcces", "AP_Theme5.DataAcces\AP_Theme_5.DataAcces.csproj", "{A4FC878C-46D9-4B6D-BC4C-13B30CD86E20}"
EndProject
Project("{9A19103F-16F7-4668-BE54-9A1E7A4F7556}") = "AP_Theme_5.CRUDapp", "AP_Theme_5.CRUDapp\AP_Theme_5.CRUDapp.csproj", "{1669B585-E7AE-429E-9B24-F34781CF2716}"
EndProject
Project("{9A19103F-16F7-4668-BE54-9A1E7A4F7556}") = "AP_Theme_5.Contracts", "AP_Theme_5.Contracts\AP_Theme_5.Contracts.csproj", "{17E93A27-1D07-4B82-A2CC-082282D7E21D}"
EndProject
Project("{FAE04EC0-301F-11D3-BF4B-00C04F79EFBC}") = "AP_Theme_5.DataAccess.Tests", "AP_Theme_5.DataAccess.Tests\AP_Theme_5.DataAccess.Tests.csproj", "{B5B1B2DD-F66A-48B1-AD6E-7771E7A62D9D}"
EndProject
Global
	GlobalSection(SolutionConfigurationPlatforms) = preSolution
		Debug|Any CPU = Debug|Any CPU
		Release|Any CPU = Release|Any CPU
	EndGlobalSection
	GlobalSection(ProjectConfigurationPlatforms) = postSolution
		{5C3F24BF-F863-46FF-ACB0-911A57D65288}.Debug|Any CPU.ActiveCfg = Release|Any CPU
		{5C3F24BF-F863-46FF-ACB0-911A57D65288}.Debug|Any CPU.Build.0 = Release|Any CPU
		{5C3F24BF-F863-46FF-ACB0-911A57D65288}.Release|Any CPU.ActiveCfg = Release|Any CPU
		{5C3F24BF-F863-46FF-ACB0-911A57D65288}.Release|Any CPU.Build.0 = Release|Any CPU
		{A4FC878C-46D9-4B6D-BC4C-13B30CD86E20}.Debug|Any CPU.ActiveCfg = Release|Any CPU
		{A4FC878C-46D9-4B6D-BC4C-13B30CD86E20}.Debug|Any CPU.Build.0 = Release|Any CPU
		{A4FC878C-46D9-4B6D-BC4C-13B30CD86E20}.Release|Any CPU.ActiveCfg = Release|Any CPU
		{A4FC878C-46D9-4B6D-BC4C-13B30CD86E20}.Release|Any CPU.Build.0 = Release|Any CPU
		{1669B585-E7AE-429E-9B24-F34781CF2716}.Debug|Any CPU.ActiveCfg = Debug|Any CPU
		{1669B585-E7AE-429E-9B24-F34781CF2716}.Debug|Any CPU.Build.0 = Debug|Any CPU
		{1669B585-E7AE-429E-9B24-F34781CF2716}.Release|Any CPU.ActiveCfg = Release|Any CPU
		{1669B585-E7AE-429E-9B24-F34781CF2716}.Release|Any CPU.Build.0 = Release|Any CPU
		{17E93A27-1D07-4B82-A2CC-082282D7E21D}.Debug|Any CPU.ActiveCfg = Debug|Any CPU
		{17E93A27-1D07-4B82-A2CC-082282D7E21D}.Debug|Any CPU.Build.0 = Debug|Any CPU
		{17E93A27-1D07-4B82-A2CC-082282D7E21D}.Release|Any CPU.ActiveCfg = Release|Any CPU
		{17E93A27-1D07-4B82-A2CC-082282D7E21D}.Release|Any CPU.Build.0 = Release|Any CPU
		{B5B1B2DD-F66A-48B1-AD6E-7771E7A62D9D}.Debug|Any CPU.ActiveCfg = Debug|Any CPU
		{B5B1B2DD-F66A-48B1-AD6E-7771E7A62D9D}.Debug|Any CPU.Build.0 = Debug|Any CPU
		{B5B1B2DD-F66A-48B1-AD6E-7771E7A62D9D}.Release|Any CPU.ActiveCfg = Release|Any CPU
		{B5B1B2DD-F66A-48B1-AD6E-7771E7A62D9D}.Release|Any CPU.Build.0 = Release|Any CPU
	EndGlobalSection
	GlobalSection(SolutionProperties) = preSolution
		HideSolutionNode = FALSE
	EndGlobalSection
	GlobalSection(ExtensibilityGlobals) = postSolution
		SolutionGuid = {657C420E-0A76-42BF-B7DF-C009BE12B099}
	EndGlobalSection
EndGlobal
