
Microsoft Visual Studio Solution File, Format Version 12.00
# Visual Studio Version 17
VisualStudioVersion = 17.0.31919.166
MinimumVisualStudioVersion = 10.0.40219.1
Project("{FAE04EC0-301F-11D3-BF4B-00C04F79EFBC}") = "AP_Theme_5.Domain", "AP_Theme_5.Domain\AP_Theme_5.Domain.csproj", "{5C3F24BF-F863-46FF-ACB0-911A57D65288}"
EndProject
Global
	GlobalSection(SolutionConfigurationPlatforms) = preSolution
		Debug|Any CPU = Debug|Any CPU
		Release|Any CPU = Release|Any CPU
	EndGlobalSection
	GlobalSection(ProjectConfigurationPlatforms) = postSolution
		{5C3F24BF-F863-46FF-ACB0-911A57D65288}.Debug|Any CPU.ActiveCfg = Debug|Any CPU
		{5C3F24BF-F863-46FF-ACB0-911A57D65288}.Debug|Any CPU.Build.0 = Debug|Any CPU
		{5C3F24BF-F863-46FF-ACB0-911A57D65288}.Release|Any CPU.ActiveCfg = Release|Any CPU
		{5C3F24BF-F863-46FF-ACB0-911A57D65288}.Release|Any CPU.Build.0 = Release|Any CPU
	EndGlobalSection
	GlobalSection(SolutionProperties) = preSolution
		HideSolutionNode = FALSE
	EndGlobalSection
	GlobalSection(ExtensibilityGlobals) = postSolution
		SolutionGuid = {657C420E-0A76-42BF-B7DF-C009BE12B099}
	EndGlobalSection
EndGlobal
